
Microsoft Visual Studio Solution File, Format Version 12.00
# Visual Studio Version 17
VisualStudioVersion = 17.5.33530.505
MinimumVisualStudioVersion = 10.0.40219.1
Project("{FAE04EC0-301F-11D3-BF4B-00C04F79EFBC}") = "LanguageSwitcher", "LanguageSwitcher.csproj", "{10F08E4C-4A94-4F15-8B85-8ED6DB76F968}"
EndProject
Project("{2150E333-8FDC-42A3-9474-1A3956D46DE8}") = "解决方案项", "解决方案项", "{354A4F55-DA32-4B61-81C4-A162AB008886}"
EndProject
Global
	GlobalSection(SolutionConfigurationPlatforms) = preSolution
		Debug|Any CPU = Debug|Any CPU
		Release|Any CPU = Release|Any CPU
	EndGlobalSection
	GlobalSection(ProjectConfigurationPlatforms) = postSolution
		{10F08E4C-4A94-4F15-8B85-8ED6DB76F968}.Debug|Any CPU.ActiveCfg = Debug|Any CPU
		{10F08E4C-4A94-4F15-8B85-8ED6DB76F968}.Debug|Any CPU.Build.0 = Debug|Any CPU
		{10F08E4C-4A94-4F15-8B85-8ED6DB76F968}.Release|Any CPU.ActiveCfg = Release|Any CPU
		{10F08E4C-4A94-4F15-8B85-8ED6DB76F968}.Release|Any CPU.Build.0 = Release|Any CPU
	EndGlobalSection
	GlobalSection(SolutionProperties) = preSolution
		HideSolutionNode = FALSE
	EndGlobalSection
	GlobalSection(ExtensibilityGlobals) = postSolution
		SolutionGuid = {EAFF1396-0E42-427D-8FC2-A8AF348D6C73}
	EndGlobalSection
EndGlobal
